
Microsoft Visual Studio Solution File, Format Version 12.00
# Visual Studio Version 17
VisualStudioVersion = 17.8.34525.116
MinimumVisualStudioVersion = 10.0.40219.1
Project("{8BC9CEB8-8B4A-11D0-8D11-00A0C91BC942}") = "Credit Card", "Credit Card\Credit Card.vcxproj", "{43A2EBDF-2B3F-4EF0-85EC-D35A6956A4A3}"
EndProject
Global
	GlobalSection(SolutionConfigurationPlatforms) = preSolution
		Debug|x64 = Debug|x64
		Debug|x86 = Debug|x86
		Release|x64 = Release|x64
		Release|x86 = Release|x86
	EndGlobalSection
	GlobalSection(ProjectConfigurationPlatforms) = postSolution
		{43A2EBDF-2B3F-4EF0-85EC-D35A6956A4A3}.Debug|x64.ActiveCfg = Debug|x64
		{43A2EBDF-2B3F-4EF0-85EC-D35A6956A4A3}.Debug|x64.Build.0 = Debug|x64
		{43A2EBDF-2B3F-4EF0-85EC-D35A6956A4A3}.Debug|x86.ActiveCfg = Debug|Win32
		{43A2EBDF-2B3F-4EF0-85EC-D35A6956A4A3}.Debug|x86.Build.0 = Debug|Win32
		{43A2EBDF-2B3F-4EF0-85EC-D35A6956A4A3}.Release|x64.ActiveCfg = Release|x64
		{43A2EBDF-2B3F-4EF0-85EC-D35A6956A4A3}.Release|x64.Build.0 = Release|x64
		{43A2EBDF-2B3F-4EF0-85EC-D35A6956A4A3}.Release|x86.ActiveCfg = Release|Win32
		{43A2EBDF-2B3F-4EF0-85EC-D35A6956A4A3}.Release|x86.Build.0 = Release|Win32
	EndGlobalSection
	GlobalSection(SolutionProperties) = preSolution
		HideSolutionNode = FALSE
	EndGlobalSection
	GlobalSection(ExtensibilityGlobals) = postSolution
		SolutionGuid = {FBE8C977-6A5F-47CC-A52A-29005F0C4645}
	EndGlobalSection
EndGlobal
